// !$*UTF8*$!
{
	archiveVersion = 1;
	classes = {
	};
	objectVersion = 46;
	objects = {

/* Begin PBXBuildFile section */
		940A0A591C8A0406007C225A /* AppDelegate.swift in Sources */ = {isa = PBXBuildFile; fileRef = 940A0A581C8A0406007C225A /* AppDelegate.swift */; };
		940A0A5B1C8A0406007C225A /* Assets.xcassets in Resources */ = {isa = PBXBuildFile; fileRef = 940A0A5A1C8A0406007C225A /* Assets.xcassets */; };
		940A0A5E1C8A0406007C225A /* MainMenu.xib in Resources */ = {isa = PBXBuildFile; fileRef = 940A0A5C1C8A0406007C225A /* MainMenu.xib */; };
		940A0A661C8A0498007C225A /* ViewController.swift in Sources */ = {isa = PBXBuildFile; fileRef = 940A0A651C8A0498007C225A /* ViewController.swift */; };
/* End PBXBuildFile section */

/* Begin PBXFileReference section */
		940A0A551C8A0406007C225A /* Trello View.app */ = {isa = PBXFileReference; explicitFileType = wrapper.application; includeInIndex = 0; path = "Trello View.app"; sourceTree = BUILT_PRODUCTS_DIR; };
		940A0A581C8A0406007C225A /* AppDelegate.swift */ = {isa = PBXFileReference; lastKnownFileType = sourcecode.swift; path = AppDelegate.swift; sourceTree = "<group>"; };
		940A0A5A1C8A0406007C225A /* Assets.xcassets */ = {isa = PBXFileReference; lastKnownFileType = folder.assetcatalog; path = Assets.xcassets; sourceTree = "<group>"; };
		940A0A5D1C8A0406007C225A /* Base */ = {isa = PBXFileReference; lastKnownFileType = file.xib; name = Base; path = Base.lproj/MainMenu.xib; sourceTree = "<group>"; };
		940A0A5F1C8A0406007C225A /* Info.plist */ = {isa = PBXFileReference; lastKnownFileType = text.plist.xml; path = Info.plist; sourceTree = "<group>"; };
		940A0A651C8A0498007C225A /* ViewController.swift */ = {isa = PBXFileReference; fileEncoding = 4; lastKnownFileType = sourcecode.swift; path = ViewController.swift; sourceTree = "<group>"; };
/* End PBXFileReference section */

/* Begin PBXFrameworksBuildPhase section */
		940A0A521C8A0406007C225A /* Frameworks */ = {
			isa = PBXFrameworksBuildPhase;
			buildActionMask = 2147483647;
			files = (
			);
			runOnlyForDeploymentPostprocessing = 0;
		};
/* End PBXFrameworksBuildPhase section */

/* Begin PBXGroup section */
		940A0A4C1C8A0406007C225A = {
			isa = PBXGroup;
			children = (
				940A0A571C8A0406007C225A /* Trello View */,
				940A0A561C8A0406007C225A /* Products */,
			);
			sourceTree = "<group>";
		};
		940A0A561C8A0406007C225A /* Products */ = {
			isa = PBXGroup;
			children = (
				940A0A551C8A0406007C225A /* Trello View.app */,
			);
			name = Products;
			sourceTree = "<group>";
		};
		940A0A571C8A0406007C225A /* Trello View */ = {
			isa = PBXGroup;
			children = (
				940A0A581C8A0406007C225A /* AppDelegate.swift */,
				940A0A651C8A0498007C225A /* ViewController.swift */,
				940A0A5A1C8A0406007C225A /* Assets.xcassets */,
				940A0A5C1C8A0406007C225A /* MainMenu.xib */,
				940A0A5F1C8A0406007C225A /* Info.plist */,
			);
			path = "Trello View";
			sourceTree = "<group>";
		};
/* End PBXGroup section */

/* Begin PBXNativeTarget section */
		940A0A541C8A0406007C225A /* Trello View */ = {
			isa = PBXNativeTarget;
			buildConfigurationList = 940A0A621C8A0406007C225A /* Build configuration list for PBXNativeTarget "Trello View" */;
			buildPhases = (
				940A0A511C8A0406007C225A /* Sources */,
				940A0A521C8A0406007C225A /* Frameworks */,
				940A0A531C8A0406007C225A /* Resources */,
			);
			buildRules = (
			);
			dependencies = (
			);
			name = "Trello View";
			productName = "Trello View";
			productReference = 940A0A551C8A0406007C225A /* Trello View.app */;
			productType = "com.apple.product-type.application";
		};
/* End PBXNativeTarget section */

/* Begin PBXProject section */
		940A0A4D1C8A0406007C225A /* Project object */ = {
			isa = PBXProject;
			attributes = {
				LastSwiftUpdateCheck = 0730;
				LastUpgradeCheck = 0800;
				ORGANIZATIONNAME = "Ministry Centered";
				TargetAttributes = {
					940A0A541C8A0406007C225A = {
						CreatedOnToolsVersion = 7.3;
						LastSwiftMigration = 0800;
					};
				};
			};
			buildConfigurationList = 940A0A501C8A0406007C225A /* Build configuration list for PBXProject "Trello View" */;
			compatibilityVersion = "Xcode 3.2";
			developmentRegion = English;
			hasScannedForEncodings = 0;
			knownRegions = (
				en,
				Base,
			);
			mainGroup = 940A0A4C1C8A0406007C225A;
			productRefGroup = 940A0A561C8A0406007C225A /* Products */;
			projectDirPath = "";
			projectRoot = "";
			targets = (
				940A0A541C8A0406007C225A /* Trello View */,
			);
		};
/* End PBXProject section */

/* Begin PBXResourcesBuildPhase section */
		940A0A531C8A0406007C225A /* Resources */ = {
			isa = PBXResourcesBuildPhase;
			buildActionMask = 2147483647;
			files = (
				940A0A5B1C8A0406007C225A /* Assets.xcassets in Resources */,
				940A0A5E1C8A0406007C225A /* MainMenu.xib in Resources */,
			);
			runOnlyForDeploymentPostprocessing = 0;
		};
/* End PBXResourcesBuildPhase section */

/* Begin PBXSourcesBuildPhase section */
		940A0A511C8A0406007C225A /* Sources */ = {
			isa = PBXSourcesBuildPhase;
			buildActionMask = 2147483647;
			files = (
				940A0A661C8A0498007C225A /* ViewController.swift in Sources */,
				940A0A591C8A0406007C225A /* AppDelegate.swift in Sources */,
			);
			runOnlyForDeploymentPostprocessing = 0;
		};
/* End PBXSourcesBuildPhase section */

/* Begin PBXVariantGroup section */
		940A0A5C1C8A0406007C225A /* MainMenu.xib */ = {
			isa = PBXVariantGroup;
			children = (
				940A0A5D1C8A0406007C225A /* Base */,
			);
			name = MainMenu.xib;
			sourceTree = "<group>";
		};
/* End PBXVariantGroup section */

/* Begin XCBuildConfiguration section */
		940A0A601C8A0406007C225A /* Debug */ = {
			isa = XCBuildConfiguration;
			buildSettings = {
				ALWAYS_SEARCH_USER_PATHS = NO;
				CLANG_ANALYZER_NONNULL = YES;
				CLANG_CXX_LANGUAGE_STANDARD = "gnu++0x";
				CLANG_CXX_LIBRARY = "libc++";
				CLANG_ENABLE_MODULES = YES;
				CLANG_ENABLE_OBJC_ARC = YES;
				CLANG_WARN_BOOL_CONVERSION = YES;
				CLANG_WARN_CONSTANT_CONVERSION = YES;
				CLANG_WARN_DIRECT_OBJC_ISA_USAGE = YES_ERROR;
				CLANG_WARN_EMPTY_BODY = YES;
				CLANG_WARN_ENUM_CONVERSION = YES;
				CLANG_WARN_INFINITE_RECURSION = YES;
				CLANG_WARN_INT_CONVERSION = YES;
				CLANG_WARN_OBJC_ROOT_CLASS = YES_ERROR;
				CLANG_WARN_SUSPICIOUS_MOVE = YES;
				CLANG_WARN_UNREACHABLE_CODE = YES;
				CLANG_WARN__DUPLICATE_METHOD_MATCH = YES;
				CODE_SIGN_IDENTITY = "-";
				COPY_PHASE_STRIP = NO;
				DEBUG_INFORMATION_FORMAT = dwarf;
				ENABLE_STRICT_OBJC_MSGSEND = YES;
				ENABLE_TESTABILITY = YES;
				GCC_C_LANGUAGE_STANDARD = gnu99;
				GCC_DYNAMIC_NO_PIC = NO;
				GCC_NO_COMMON_BLOCKS = YES;
				GCC_OPTIMIZATION_LEVEL = 0;
				GCC_PREPROCESSOR_DEFINITIONS = (
					"DEBUG=1",
					"$(inherited)",
				);
				GCC_WARN_64_TO_32_BIT_CONVERSION = YES;
				GCC_WARN_ABOUT_RETURN_TYPE = YES_ERROR;
				GCC_WARN_UNDECLARED_SELECTOR = YES;
				GCC_WARN_UNINITIALIZED_AUTOS = YES_AGGRESSIVE;
				GCC_WARN_UNUSED_FUNCTION = YES;
				GCC_WARN_UNUSED_VARIABLE = YES;
				MACOSX_DEPLOYMENT_TARGET = 10.11;
				MTL_ENABLE_DEBUG_INFO = YES;
				ONLY_ACTIVE_ARCH = YES;
				SDKROOT = macosx;
				SWIFT_OPTIMIZATION_LEVEL = "-Onone";
			};
			name = Debug;
		};
		940A0A611C8A0406007C225A /* Release */ = {
			isa = XCBuildConfiguration;
			buildSettings = {
				ALWAYS_SEARCH_USER_PATHS = NO;
				CLANG_ANALYZER_NONNULL = YES;
				CLANG_CXX_LANGUAGE_STANDARD = "gnu++0x";
				CLANG_CXX_LIBRARY = "libc++";
				CLANG_ENABLE_MODULES = YES;
				CLANG_ENABLE_OBJC_ARC = YES;
				CLANG_WARN_BOOL_CONVERSION = YES;
				CLANG_WARN_CONSTANT_CONVERSION = YES;
				CLANG_WARN_DIRECT_OBJC_ISA_USAGE = YES_ERROR;
				CLANG_WARN_EMPTY_BODY = YES;
				CLANG_WARN_ENUM_CONVERSION = YES;
				CLANG_WARN_INFINITE_RECURSION = YES;
				CLANG_WARN_INT_CONVERSION = YES;
				CLANG_WARN_OBJC_ROOT_CLASS = YES_ERROR;
				CLANG_WARN_SUSPICIOUS_MOVE = YES;
				CLANG_WARN_UNREACHABLE_CODE = YES;
				CLANG_WARN__DUPLICATE_METHOD_MATCH = YES;
				CODE_SIGN_IDENTITY = "-";
				COPY_PHASE_STRIP = NO;
				DEBUG_INFORMATION_FORMAT = "dwarf-with-dsym";
				ENABLE_NS_ASSERTIONS = NO;
				ENABLE_STRICT_OBJC_MSGSEND = YES;
				GCC_C_LANGUAGE_STANDARD = gnu99;
				GCC_NO_COMMON_BLOCKS = YES;
				GCC_WARN_64_TO_32_BIT_CONVERSION = YES;
				GCC_WARN_ABOUT_RETURN_TYPE = YES_ERROR;
				GCC_WARN_UNDECLARED_SELECTOR = YES;
				GCC_WARN_UNINITIALIZED_AUTOS = YES_AGGRESSIVE;
				GCC_WARN_UNUSED_FUNCTION = YES;
				GCC_WARN_UNUSED_VARIABLE = YES;
				MACOSX_DEPLOYMENT_TARGET = 10.11;
				MTL_ENABLE_DEBUG_INFO = NO;
				SDKROOT = macosx;
				SWIFT_OPTIMIZATION_LEVEL = "-Owholemodule";
			};
			name = Release;
		};
		940A0A631C8A0406007C225A /* Debug */ = {
			isa = XCBuildConfiguration;
			buildSettings = {
				ASSETCATALOG_COMPILER_APPICON_NAME = AppIcon;
				COMBINE_HIDPI_IMAGES = YES;
				INFOPLIST_FILE = "Trello View/Info.plist";
				LD_RUNPATH_SEARCH_PATHS = "$(inherited) @executable_path/../Frameworks";
				PRODUCT_BUNDLE_IDENTIFIER = "com.openskydev.Trello-View";
				PRODUCT_NAME = "$(TARGET_NAME)";
				SWIFT_VERSION = 3.0;
			};
			name = Debug;
		};
		940A0A641C8A0406007C225A /* Release */ = {
			isa = XCBuildConfiguration;
			buildSettings = {
				ASSETCATALOG_COMPILER_APPICON_NAME = AppIcon;
				COMBINE_HIDPI_IMAGES = YES;
				INFOPLIST_FILE = "Trello View/Info.plist";
				LD_RUNPATH_SEARCH_PATHS = "$(inherited) @executable_path/../Frameworks";
				PRODUCT_BUNDLE_IDENTIFIER = "com.openskydev.Trello-View";
				PRODUCT_NAME = "$(TARGET_NAME)";
				SWIFT_VERSION = 3.0;
			};
			name = Release;
		};
/* End XCBuildConfiguration section */

/* Begin XCConfigurationList section */
		940A0A501C8A0406007C225A /* Build configuration list for PBXProject "Trello View" */ = {
			isa = XCConfigurationList;
			buildConfigurations = (
				940A0A601C8A0406007C225A /* Debug */,
				940A0A611C8A0406007C225A /* Release */,
			);
			defaultConfigurationIsVisible = 0;
			defaultConfigurationName = Release;
		};
		940A0A621C8A0406007C225A /* Build configuration list for PBXNativeTarget "Trello View" */ = {
			isa = XCConfigurationList;
			buildConfigurations = (
				940A0A631C8A0406007C225A /* Debug */,
				940A0A641C8A0406007C225A /* Release */,
			);
			defaultConfigurationIsVisible = 0;
			defaultConfigurationName = Release;
		};
/* End XCConfigurationList section */
	};
	rootObject = 940A0A4D1C8A0406007C225A /* Project object */;
}
